
Microsoft Visual Studio Solution File, Format Version 12.00
# Visual Studio Version 16
VisualStudioVersion = 16.0.30907.101
MinimumVisualStudioVersion = 10.0.40219.1
Project("{FAE04EC0-301F-11D3-BF4B-00C04F79EFBC}") = "Platformer", "Platformer\Platformer.csproj", "{7AAC1DB1-717D-4ACD-AB42-89312FABBB22}"
EndProject
Project("{FAE04EC0-301F-11D3-BF4B-00C04F79EFBC}") = "ModelTests", "ModelTests\ModelTests.csproj", "{BA7F768E-1236-402E-A032-76FB5F2FA8EF}"
	ProjectSection(ProjectDependencies) = postProject
		{7AAC1DB1-717D-4ACD-AB42-89312FABBB22} = {7AAC1DB1-717D-4ACD-AB42-89312FABBB22}
	EndProjectSection
EndProject
Global
	GlobalSection(SolutionConfigurationPlatforms) = preSolution
		Debug|Any CPU = Debug|Any CPU
		Release|Any CPU = Release|Any CPU
	EndGlobalSection
	GlobalSection(ProjectConfigurationPlatforms) = postSolution
		{7AAC1DB1-717D-4ACD-AB42-89312FABBB22}.Debug|Any CPU.ActiveCfg = Debug|Any CPU
		{7AAC1DB1-717D-4ACD-AB42-89312FABBB22}.Debug|Any CPU.Build.0 = Debug|Any CPU
		{7AAC1DB1-717D-4ACD-AB42-89312FABBB22}.Release|Any CPU.ActiveCfg = Release|Any CPU
		{7AAC1DB1-717D-4ACD-AB42-89312FABBB22}.Release|Any CPU.Build.0 = Release|Any CPU
		{BA7F768E-1236-402E-A032-76FB5F2FA8EF}.Debug|Any CPU.ActiveCfg = Debug|Any CPU
		{BA7F768E-1236-402E-A032-76FB5F2FA8EF}.Debug|Any CPU.Build.0 = Debug|Any CPU
		{BA7F768E-1236-402E-A032-76FB5F2FA8EF}.Release|Any CPU.ActiveCfg = Release|Any CPU
		{BA7F768E-1236-402E-A032-76FB5F2FA8EF}.Release|Any CPU.Build.0 = Release|Any CPU
	EndGlobalSection
	GlobalSection(SolutionProperties) = preSolution
		HideSolutionNode = FALSE
	EndGlobalSection
	GlobalSection(ExtensibilityGlobals) = postSolution
		SolutionGuid = {8697237A-325E-41CE-9C5F-A3CE2C5E84CA}
	EndGlobalSection
EndGlobal
